
Microsoft Visual Studio Solution File, Format Version 12.00
# Visual Studio Version 16
VisualStudioVersion = 16.0.29806.167
MinimumVisualStudioVersion = 10.0.40219.1
Project("{2150E333-8FDC-42A3-9474-1A3956D46DE8}") = "Utils", "Utils", "{5C6D293B-C708-49F1-81D7-A398D6D31F3F}"
EndProject
Project("{2150E333-8FDC-42A3-9474-1A3956D46DE8}") = "Client", "Client", "{CB3F7764-081F-4CD4-B829-7B26E07F6DEC}"
EndProject
Project("{2150E333-8FDC-42A3-9474-1A3956D46DE8}") = "Server", "Server", "{C83F4286-D06A-40D2-9001-7B4A2CF9BD1B}"
EndProject
Project("{8BC9CEB8-8B4A-11D0-8D11-00A0C91BC942}") = "Server", "Server\Server.vcxproj", "{140E71B5-DC41-4FB7-931B-A33E9719833B}"
EndProject
Project("{8BC9CEB8-8B4A-11D0-8D11-00A0C91BC942}") = "LoggerLibrary", "Utility\Logger\LoggerLibrary.vcxproj", "{CAF17F41-7F9D-4FA1-96B8-951A365E979E}"
EndProject
Project("{8BC9CEB8-8B4A-11D0-8D11-00A0C91BC942}") = "XML_Parser", "Utility\XML_Parser\XML_Parser.vcxproj", "{6EEC450D-3371-4426-99D0-D04495A9056D}"
EndProject
Project("{8BC9CEB8-8B4A-11D0-8D11-00A0C91BC942}") = "Client", "Client\Client.vcxproj", "{1AAA5D41-E524-41FD-B911-392639C4471E}"
EndProject
Project("{8BC9CEB8-8B4A-11D0-8D11-00A0C91BC942}") = "DatabaseManager", "Utility\DatabaseManager\DatabaseManager.vcxproj", "{30909198-530E-4AA8-BE6F-7F63CD455D6C}"
EndProject
Project("{8BC9CEB8-8B4A-11D0-8D11-00A0C91BC942}") = "ServerUnitTests", "ServerUnitTests\ServerUnitTests.vcxproj", "{A3DC85B1-2724-4B74-81AA-0E66CCC2970C}"
EndProject
Project("{930C7802-8A8C-48F9-8165-68863BCCD9DD}") = "ServerInstaller", "ServerInstaller\ServerInstaller.wixproj", "{9B1FF2C3-6775-4A4D-A355-181FF43D14B2}"
EndProject
Project("{8BC9CEB8-8B4A-11D0-8D11-00A0C91BC942}") = "GetPortNumberCustomAction", "ServerInstaller\GetPortNumberCustomAction\GetPortNumberCustomAction.vcxproj", "{006E38D0-5D92-453A-A50F-29AD2F4FBE8A}"
EndProject
Global
	GlobalSection(SolutionConfigurationPlatforms) = preSolution
		Debug|x64 = Debug|x64
		Debug|x86 = Debug|x86
		Release|x64 = Release|x64
		Release|x86 = Release|x86
	EndGlobalSection
	GlobalSection(ProjectConfigurationPlatforms) = postSolution
		{140E71B5-DC41-4FB7-931B-A33E9719833B}.Debug|x64.ActiveCfg = Release|x64
		{140E71B5-DC41-4FB7-931B-A33E9719833B}.Debug|x64.Build.0 = Release|x64
		{140E71B5-DC41-4FB7-931B-A33E9719833B}.Debug|x86.ActiveCfg = Debug|Win32
		{140E71B5-DC41-4FB7-931B-A33E9719833B}.Debug|x86.Build.0 = Debug|Win32
		{140E71B5-DC41-4FB7-931B-A33E9719833B}.Release|x64.ActiveCfg = Release|x64
		{140E71B5-DC41-4FB7-931B-A33E9719833B}.Release|x64.Build.0 = Release|x64
		{140E71B5-DC41-4FB7-931B-A33E9719833B}.Release|x86.ActiveCfg = Release|Win32
		{140E71B5-DC41-4FB7-931B-A33E9719833B}.Release|x86.Build.0 = Release|Win32
		{CAF17F41-7F9D-4FA1-96B8-951A365E979E}.Debug|x64.ActiveCfg = Release|x64
		{CAF17F41-7F9D-4FA1-96B8-951A365E979E}.Debug|x64.Build.0 = Release|x64
		{CAF17F41-7F9D-4FA1-96B8-951A365E979E}.Debug|x86.ActiveCfg = Debug|Win32
		{CAF17F41-7F9D-4FA1-96B8-951A365E979E}.Release|x64.ActiveCfg = Release|x64
		{CAF17F41-7F9D-4FA1-96B8-951A365E979E}.Release|x64.Build.0 = Release|x64
		{CAF17F41-7F9D-4FA1-96B8-951A365E979E}.Release|x86.ActiveCfg = Release|Win32
		{CAF17F41-7F9D-4FA1-96B8-951A365E979E}.Release|x86.Build.0 = Release|Win32
		{6EEC450D-3371-4426-99D0-D04495A9056D}.Debug|x64.ActiveCfg = Release|x64
		{6EEC450D-3371-4426-99D0-D04495A9056D}.Debug|x64.Build.0 = Release|x64
		{6EEC450D-3371-4426-99D0-D04495A9056D}.Debug|x86.ActiveCfg = Debug|Win32
		{6EEC450D-3371-4426-99D0-D04495A9056D}.Debug|x86.Build.0 = Debug|Win32
		{6EEC450D-3371-4426-99D0-D04495A9056D}.Release|x64.ActiveCfg = Release|x64
		{6EEC450D-3371-4426-99D0-D04495A9056D}.Release|x64.Build.0 = Release|x64
		{6EEC450D-3371-4426-99D0-D04495A9056D}.Release|x86.ActiveCfg = Release|Win32
		{6EEC450D-3371-4426-99D0-D04495A9056D}.Release|x86.Build.0 = Release|Win32
		{1AAA5D41-E524-41FD-B911-392639C4471E}.Debug|x64.ActiveCfg = Release|x64
		{1AAA5D41-E524-41FD-B911-392639C4471E}.Debug|x64.Build.0 = Release|x64
		{1AAA5D41-E524-41FD-B911-392639C4471E}.Debug|x86.ActiveCfg = Debug|x64
		{1AAA5D41-E524-41FD-B911-392639C4471E}.Release|x64.ActiveCfg = Release|x64
		{1AAA5D41-E524-41FD-B911-392639C4471E}.Release|x64.Build.0 = Release|x64
		{1AAA5D41-E524-41FD-B911-392639C4471E}.Release|x86.ActiveCfg = Release|x64
		{30909198-530E-4AA8-BE6F-7F63CD455D6C}.Debug|x64.ActiveCfg = Release|x64
		{30909198-530E-4AA8-BE6F-7F63CD455D6C}.Debug|x64.Build.0 = Release|x64
		{30909198-530E-4AA8-BE6F-7F63CD455D6C}.Debug|x86.ActiveCfg = Debug|Win32
		{30909198-530E-4AA8-BE6F-7F63CD455D6C}.Debug|x86.Build.0 = Debug|Win32
		{30909198-530E-4AA8-BE6F-7F63CD455D6C}.Release|x64.ActiveCfg = Release|x64
		{30909198-530E-4AA8-BE6F-7F63CD455D6C}.Release|x64.Build.0 = Release|x64
		{30909198-530E-4AA8-BE6F-7F63CD455D6C}.Release|x86.ActiveCfg = Release|Win32
		{30909198-530E-4AA8-BE6F-7F63CD455D6C}.Release|x86.Build.0 = Release|Win32
		{A3DC85B1-2724-4B74-81AA-0E66CCC2970C}.Debug|x64.ActiveCfg = Release|x64
		{A3DC85B1-2724-4B74-81AA-0E66CCC2970C}.Debug|x64.Build.0 = Release|x64
		{A3DC85B1-2724-4B74-81AA-0E66CCC2970C}.Debug|x86.ActiveCfg = Debug|Win32
		{A3DC85B1-2724-4B74-81AA-0E66CCC2970C}.Debug|x86.Build.0 = Debug|Win32
		{A3DC85B1-2724-4B74-81AA-0E66CCC2970C}.Release|x64.ActiveCfg = Release|x64
		{A3DC85B1-2724-4B74-81AA-0E66CCC2970C}.Release|x64.Build.0 = Release|x64
		{A3DC85B1-2724-4B74-81AA-0E66CCC2970C}.Release|x86.ActiveCfg = Release|Win32
		{A3DC85B1-2724-4B74-81AA-0E66CCC2970C}.Release|x86.Build.0 = Release|Win32
		{9B1FF2C3-6775-4A4D-A355-181FF43D14B2}.Debug|x64.ActiveCfg = Debug|x86
		{9B1FF2C3-6775-4A4D-A355-181FF43D14B2}.Debug|x86.ActiveCfg = Debug|x86
		{9B1FF2C3-6775-4A4D-A355-181FF43D14B2}.Debug|x86.Build.0 = Debug|x86
		{9B1FF2C3-6775-4A4D-A355-181FF43D14B2}.Release|x64.ActiveCfg = Release|x86
		{9B1FF2C3-6775-4A4D-A355-181FF43D14B2}.Release|x86.ActiveCfg = Release|x86
		{9B1FF2C3-6775-4A4D-A355-181FF43D14B2}.Release|x86.Build.0 = Release|x86
		{006E38D0-5D92-453A-A50F-29AD2F4FBE8A}.Debug|x64.ActiveCfg = Debug|Win32
		{006E38D0-5D92-453A-A50F-29AD2F4FBE8A}.Debug|x86.ActiveCfg = Debug|Win32
		{006E38D0-5D92-453A-A50F-29AD2F4FBE8A}.Debug|x86.Build.0 = Debug|Win32
		{006E38D0-5D92-453A-A50F-29AD2F4FBE8A}.Release|x64.ActiveCfg = Release|Win32
		{006E38D0-5D92-453A-A50F-29AD2F4FBE8A}.Release|x86.ActiveCfg = Release|Win32
		{006E38D0-5D92-453A-A50F-29AD2F4FBE8A}.Release|x86.Build.0 = Release|Win32
	EndGlobalSection
	GlobalSection(SolutionProperties) = preSolution
		HideSolutionNode = FALSE
	EndGlobalSection
	GlobalSection(NestedProjects) = preSolution
		{140E71B5-DC41-4FB7-931B-A33E9719833B} = {C83F4286-D06A-40D2-9001-7B4A2CF9BD1B}
		{CAF17F41-7F9D-4FA1-96B8-951A365E979E} = {5C6D293B-C708-49F1-81D7-A398D6D31F3F}
		{6EEC450D-3371-4426-99D0-D04495A9056D} = {5C6D293B-C708-49F1-81D7-A398D6D31F3F}
		{1AAA5D41-E524-41FD-B911-392639C4471E} = {CB3F7764-081F-4CD4-B829-7B26E07F6DEC}
		{30909198-530E-4AA8-BE6F-7F63CD455D6C} = {5C6D293B-C708-49F1-81D7-A398D6D31F3F}
		{A3DC85B1-2724-4B74-81AA-0E66CCC2970C} = {C83F4286-D06A-40D2-9001-7B4A2CF9BD1B}
		{9B1FF2C3-6775-4A4D-A355-181FF43D14B2} = {5C6D293B-C708-49F1-81D7-A398D6D31F3F}
		{006E38D0-5D92-453A-A50F-29AD2F4FBE8A} = {5C6D293B-C708-49F1-81D7-A398D6D31F3F}
	EndGlobalSection
	GlobalSection(ExtensibilityGlobals) = postSolution
		SolutionGuid = {4F7935A9-E941-4FC9-AADE-824F589B8400}
	EndGlobalSection
EndGlobal
