<?xml version="1.0" encoding="utf-8"?>
<Project ToolsVersion="4.0" xmlns="http://schemas.microsoft.com/developer/msbuild/2003">
  <ItemGroup>
    <Filter Include="Source Files">
      <UniqueIdentifier>{4FC737F1-C7A5-4376-A066-2A32D752A2FF}</UniqueIdentifier>
      <Extensions>cpp;c;cc;cxx;def;odl;idl;hpj;bat;asm;asmx</Extensions>
    </Filter>
    <Filter Include="Header Files">
      <UniqueIdentifier>{93995380-89BD-4b04-88EB-625FBE52EBFB}</UniqueIdentifier>
      <Extensions>h;hh;hpp;hxx;hm;inl;inc;ipp;xsd</Extensions>
    </Filter>
    <Filter Include="Resource Files">
      <UniqueIdentifier>{67DA6AB6-F800-4c08-8B7A-83BB121AAD01}</UniqueIdentifier>
      <Extensions>rc;ico;cur;bmp;dlg;rc2;rct;bin;rgs;gif;jpg;jpeg;jpe;resx;tiff;tif;png;wav;mfcribbon-ms</Extensions>
    </Filter>
    <Filter Include="Header Files\BasesAndUtils">
      <UniqueIdentifier>{038703e4-85b7-4932-a1c9-e9c251e87976}</UniqueIdentifier>
    </Filter>
    <Filter Include="Source Files\BaseAndUtils">
      <UniqueIdentifier>{cfd4aae7-9bee-4fe8-8ad5-870e63409d61}</UniqueIdentifier>
    </Filter>
    <Filter Include="Header Files\VSSolutionFiles">
      <UniqueIdentifier>{a05614e3-8ae6-42ca-beb2-b2f1aab0559b}</UniqueIdentifier>
    </Filter>
    <Filter Include="Source Files\VsSolutionFiles">
      <UniqueIdentifier>{dc0b431e-ab0c-478a-af60-14ba8d8298ac}</UniqueIdentifier>
    </Filter>
    <Filter Include="Header Files\Filelogger">
      <UniqueIdentifier>{01cd42e7-0c79-453c-afce-c71ea842e9c1}</UniqueIdentifier>
    </Filter>
  </ItemGroup>
  <ItemGroup>
    <ClInclude Include="LoggerDLL.h">
      <Filter>Header Files</Filter>
    </ClInclude>
    <ClInclude Include="Essentials\LogFundamentals.h">
      <Filter>Header Files\BasesAndUtils</Filter>
    </ClInclude>
    <ClInclude Include="Essentials\ExportConfig.h">
      <Filter>Header Files\BasesAndUtils</Filter>
    </ClInclude>
    <ClInclude Include="Filelogger\FileLogAdapters.h">
      <Filter>Header Files\BasesAndUtils</Filter>
    </ClInclude>
    <ClInclude Include="framework.h">
      <Filter>Header Files\VSSolutionFiles</Filter>
    </ClInclude>
    <ClInclude Include="ILogger.h">
      <Filter>Header Files</Filter>
    </ClInclude>
    <ClInclude Include="Filelogger\filelogger.h">
      <Filter>Header Files\Filelogger</Filter>
    </ClInclude>
    <ClInclude Include="filelogger_Messages.h">
      <Filter>Header Files\Filelogger</Filter>
    </ClInclude>
    <ClInclude Include="filelogger_StreamModes.h">
      <Filter>Header Files\Filelogger</Filter>
    </ClInclude>
    <ClInclude Include="ConcQueue.h">
      <Filter>Header Files\BasesAndUtils</Filter>
    </ClInclude>
    <ClInclude Include="StaticLogging.h">
      <Filter>Header Files</Filter>
    </ClInclude>
  </ItemGroup>
  <ItemGroup>
    <ClCompile Include="LogFundamentals.cpp">
      <Filter>Source Files\BaseAndUtils</Filter>
    </ClCompile>
    <ClCompile Include="filelogger_FileManager.cpp">
      <Filter>Source Files</Filter>
    </ClCompile>
    <ClCompile Include="dllmain.cpp">
      <Filter>Source Files\VsSolutionFiles</Filter>
    </ClCompile>
    <ClCompile Include="pch.cpp">
      <Filter>Source Files\VsSolutionFiles</Filter>
    </ClCompile>
    <ClCompile Include="filelogger_Messages.cpp">
      <Filter>Source Files</Filter>
    </ClCompile>
    <ClCompile Include="filelogger_StreamModes.cpp">
      <Filter>Source Files</Filter>
    </ClCompile>
    <ClCompile Include="filelogger.cpp">
      <Filter>Source Files</Filter>
    </ClCompile>
  </ItemGroup>
  <ItemGroup>
    <None Include="cpp.hint" />
  </ItemGroup>
</Project>